github.com/hugolgst/rich-go v0.0.0-20240715122152-74618cc1ace2 h1:9qOViOQGFIP5ar+2NorfAIsfuADEKXtklySC0zNnYf4=
github.com/hugolgst/rich-go v0.0.0-20240715122152-74618cc1ace2/go.mod h1:nGaW7CGfNZnhtiFxMpc4OZdqIexGXjUlBnlmpZmjEKA=
github.com/kahnwong/rich-go v0.0.0-20250723095307-73408b97cf8c h1:uxVMuWhJXqQWzD9h8CMXDuESmr5zywGfUjkRbh27SMo=
github.com/kahnwong/rich-go v0.0.0-20250723095307-73408b97cf8c/go.mod h1:YHu4eag67isQKvvqRO3BJeq5jPhxc4ydaV3KFYRCxB8=
